
Microsoft Visual Studio Solution File, Format Version 12.00
# Visual Studio Version 16
VisualStudioVersion = 16.0.32413.511
MinimumVisualStudioVersion = 10.0.40219.1
Project("{FAE04EC0-301F-11D3-BF4B-00C04F79EFBC}") = "ConsoleApp1", "ConsoleApp1\ConsoleApp1.csproj", "{9E1A334C-E4ED-48B6-BF63-5A4317266275}"
EndProject
Global
	GlobalSection(SolutionConfigurationPlatforms) = preSolution
		Debug|Any CPU = Debug|Any CPU
		Release|Any CPU = Release|Any CPU
	EndGlobalSection
	GlobalSection(ProjectConfigurationPlatforms) = postSolution
		{9E1A334C-E4ED-48B6-BF63-5A4317266275}.Debug|Any CPU.ActiveCfg = Debug|Any CPU
		{9E1A334C-E4ED-48B6-BF63-5A4317266275}.Debug|Any CPU.Build.0 = Debug|Any CPU
		{9E1A334C-E4ED-48B6-BF63-5A4317266275}.Release|Any CPU.ActiveCfg = Release|Any CPU
		{9E1A334C-E4ED-48B6-BF63-5A4317266275}.Release|Any CPU.Build.0 = Release|Any CPU
	EndGlobalSection
	GlobalSection(SolutionProperties) = preSolution
		HideSolutionNode = FALSE
	EndGlobalSection
	GlobalSection(ExtensibilityGlobals) = postSolution
		SolutionGuid = {79425D4B-D804-4D4B-9041-474D60DD8BF6}
	EndGlobalSection
EndGlobal
